// !$*UTF8*$!
{
	archiveVersion = 1;
	classes = {
	};
	objectVersion = 50;
	objects = {

/* Begin PBXBuildFile section */
		57FF024E243E2977006BCBDD /* AppDelegate.swift in Sources */ = {isa = PBXBuildFile; fileRef = 57FF024D243E2977006BCBDD /* AppDelegate.swift */; };
		57FF0250243E2977006BCBDD /* SceneDelegate.swift in Sources */ = {isa = PBXBuildFile; fileRef = 57FF024F243E2977006BCBDD /* SceneDelegate.swift */; };
		57FF0252243E2978006BCBDD /* ViewController.swift in Sources */ = {isa = PBXBuildFile; fileRef = 57FF0251243E2978006BCBDD /* ViewController.swift */; };
		57FF0255243E2978006BCBDD /* Main.storyboard in Resources */ = {isa = PBXBuildFile; fileRef = 57FF0253243E2978006BCBDD /* Main.storyboard */; };
		57FF0257243E2980006BCBDD /* Assets.xcassets in Resources */ = {isa = PBXBuildFile; fileRef = 57FF0256243E2980006BCBDD /* Assets.xcassets */; };
		57FF025A243E2980006BCBDD /* LaunchScreen.storyboard in Resources */ = {isa = PBXBuildFile; fileRef = 57FF0258243E2980006BCBDD /* LaunchScreen.storyboard */; };
		57FF0262243E2A0A006BCBDD /* MainViewController.swift in Sources */ = {isa = PBXBuildFile; fileRef = 57FF0261243E2A0A006BCBDD /* MainViewController.swift */; };
		57FF0264243E2CD6006BCBDD /* data.swift in Sources */ = {isa = PBXBuildFile; fileRef = 57FF0263243E2CD6006BCBDD /* data.swift */; };
/* End PBXBuildFile section */

/* Begin PBXFileReference section */
		57FF024A243E2977006BCBDD /* COVID19UK(API).app */ = {isa = PBXFileReference; explicitFileType = wrapper.application; includeInIndex = 0; path = "COVID19UK(API).app"; sourceTree = BUILT_PRODUCTS_DIR; };
		57FF024D243E2977006BCBDD /* AppDelegate.swift */ = {isa = PBXFileReference; lastKnownFileType = sourcecode.swift; path = AppDelegate.swift; sourceTree = "<group>"; };
		57FF024F243E2977006BCBDD /* SceneDelegate.swift */ = {isa = PBXFileReference; lastKnownFileType = sourcecode.swift; path = SceneDelegate.swift; sourceTree = "<group>"; };
		57FF0251243E2978006BCBDD /* ViewController.swift */ = {isa = PBXFileReference; lastKnownFileType = sourcecode.swift; path = ViewController.swift; sourceTree = "<group>"; };
		57FF0254243E2978006BCBDD /* Base */ = {isa = PBXFileReference; lastKnownFileType = file.storyboard; name = Base; path = Base.lproj/Main.storyboard; sourceTree = "<group>"; };
		57FF0256243E2980006BCBDD /* Assets.xcassets */ = {isa = PBXFileReference; lastKnownFileType = folder.assetcatalog; path = Assets.xcassets; sourceTree = "<group>"; };
		57FF0259243E2980006BCBDD /* Base */ = {isa = PBXFileReference; lastKnownFileType = file.storyboard; name = Base; path = Base.lproj/LaunchScreen.storyboard; sourceTree = "<group>"; };
		57FF025B243E2980006BCBDD /* Info.plist */ = {isa = PBXFileReference; lastKnownFileType = text.plist.xml; path = Info.plist; sourceTree = "<group>"; };
		57FF0261243E2A0A006BCBDD /* MainViewController.swift */ = {isa = PBXFileReference; lastKnownFileType = sourcecode.swift; path = MainViewController.swift; sourceTree = "<group>"; };
		57FF0263243E2CD6006BCBDD /* data.swift */ = {isa = PBXFileReference; lastKnownFileType = sourcecode.swift; path = data.swift; sourceTree = "<group>"; };
/* End PBXFileReference section */

/* Begin PBXFrameworksBuildPhase section */
		57FF0247243E2977006BCBDD /* Frameworks */ = {
			isa = PBXFrameworksBuildPhase;
			buildActionMask = 2147483647;
			files = (
			);
			runOnlyForDeploymentPostprocessing = 0;
		};
/* End PBXFrameworksBuildPhase section */

/* Begin PBXGroup section */
		57FF0241243E2977006BCBDD = {
			isa = PBXGroup;
			children = (
				57FF024C243E2977006BCBDD /* COVID19UK(API) */,
				57FF024B243E2977006BCBDD /* Products */,
			);
			sourceTree = "<group>";
		};
		57FF024B243E2977006BCBDD /* Products */ = {
			isa = PBXGroup;
			children = (
				57FF024A243E2977006BCBDD /* COVID19UK(API).app */,
			);
			name = Products;
			sourceTree = "<group>";
		};
		57FF024C243E2977006BCBDD /* COVID19UK(API) */ = {
			isa = PBXGroup;
			children = (
				57FF024D243E2977006BCBDD /* AppDelegate.swift */,
				57FF024F243E2977006BCBDD /* SceneDelegate.swift */,
				57FF0251243E2978006BCBDD /* ViewController.swift */,
				57FF0253243E2978006BCBDD /* Main.storyboard */,
				57FF0263243E2CD6006BCBDD /* data.swift */,
				57FF0261243E2A0A006BCBDD /* MainViewController.swift */,
				57FF0256243E2980006BCBDD /* Assets.xcassets */,
				57FF0258243E2980006BCBDD /* LaunchScreen.storyboard */,
				57FF025B243E2980006BCBDD /* Info.plist */,
			);
			path = "COVID19UK(API)";
			sourceTree = "<group>";
		};
/* End PBXGroup section */

/* Begin PBXNativeTarget section */
		57FF0249243E2977006BCBDD /* COVID19UK(API) */ = {
			isa = PBXNativeTarget;
			buildConfigurationList = 57FF025E243E2980006BCBDD /* Build configuration list for PBXNativeTarget "COVID19UK(API)" */;
			buildPhases = (
				57FF0246243E2977006BCBDD /* Sources */,
				57FF0247243E2977006BCBDD /* Frameworks */,
				57FF0248243E2977006BCBDD /* Resources */,
			);
			buildRules = (
			);
			dependencies = (
			);
			name = "COVID19UK(API)";
			productName = "COVID19UK(API)";
			productReference = 57FF024A243E2977006BCBDD /* COVID19UK(API).app */;
			productType = "com.apple.product-type.application";
		};
/* End PBXNativeTarget section */

/* Begin PBXProject section */
		57FF0242243E2977006BCBDD /* Project object */ = {
			isa = PBXProject;
			attributes = {
				LastSwiftUpdateCheck = 1130;
				LastUpgradeCheck = 1130;
				ORGANIZATIONNAME = ChiuWanNuo;
				TargetAttributes = {
					57FF0249243E2977006BCBDD = {
						CreatedOnToolsVersion = 11.3.1;
					};
				};
			};
			buildConfigurationList = 57FF0245243E2977006BCBDD /* Build configuration list for PBXProject "COVID19UK(API)" */;
			compatibilityVersion = "Xcode 9.3";
			developmentRegion = en;
			hasScannedForEncodings = 0;
			knownRegions = (
				en,
				Base,
			);
			mainGroup = 57FF0241243E2977006BCBDD;
			productRefGroup = 57FF024B243E2977006BCBDD /* Products */;
			projectDirPath = "";
			projectRoot = "";
			targets = (
				57FF0249243E2977006BCBDD /* COVID19UK(API) */,
			);
		};
/* End PBXProject section */

/* Begin PBXResourcesBuildPhase section */
		57FF0248243E2977006BCBDD /* Resources */ = {
			isa = PBXResourcesBuildPhase;
			buildActionMask = 2147483647;
			files = (
				57FF025A243E2980006BCBDD /* LaunchScreen.storyboard in Resources */,
				57FF0257243E2980006BCBDD /* Assets.xcassets in Resources */,
				57FF0255243E2978006BCBDD /* Main.storyboard in Resources */,
			);
			runOnlyForDeploymentPostprocessing = 0;
		};
/* End PBXResourcesBuildPhase section */

/* Begin PBXSourcesBuildPhase section */
		57FF0246243E2977006BCBDD /* Sources */ = {
			isa = PBXSourcesBuildPhase;
			buildActionMask = 2147483647;
			files = (
				57FF0252243E2978006BCBDD /* ViewController.swift in Sources */,
				57FF024E243E2977006BCBDD /* AppDelegate.swift in Sources */,
				57FF0250243E2977006BCBDD /* SceneDelegate.swift in Sources */,
				57FF0264243E2CD6006BCBDD /* data.swift in Sources */,
				57FF0262243E2A0A006BCBDD /* MainViewController.swift in Sources */,
			);
			runOnlyForDeploymentPostprocessing = 0;
		};
/* End PBXSourcesBuildPhase section */

/* Begin PBXVariantGroup section */
		57FF0253243E2978006BCBDD /* Main.storyboard */ = {
			isa = PBXVariantGroup;
			children = (
				57FF0254243E2978006BCBDD /* Base */,
			);
			name = Main.storyboard;
			sourceTree = "<group>";
		};
		57FF0258243E2980006BCBDD /* LaunchScreen.storyboard */ = {
			isa = PBXVariantGroup;
			children = (
				57FF0259243E2980006BCBDD /* Base */,
			);
			name = LaunchScreen.storyboard;
			sourceTree = "<group>";
		};
/* End PBXVariantGroup section */

/* Begin XCBuildConfiguration section */
		57FF025C243E2980006BCBDD /* Debug */ = {
			isa = XCBuildConfiguration;
			buildSettings = {
				ALWAYS_SEARCH_USER_PATHS = NO;
				CLANG_ANALYZER_NONNULL = YES;
				CLANG_ANALYZER_NUMBER_OBJECT_CONVERSION = YES_AGGRESSIVE;
				CLANG_CXX_LANGUAGE_STANDARD = "gnu++14";
				CLANG_CXX_LIBRARY = "libc++";
				CLANG_ENABLE_MODULES = YES;
				CLANG_ENABLE_OBJC_ARC = YES;
				CLANG_ENABLE_OBJC_WEAK = YES;
				CLANG_WARN_BLOCK_CAPTURE_AUTORELEASING = YES;
				CLANG_WARN_BOOL_CONVERSION = YES;
				CLANG_WARN_COMMA = YES;
				CLANG_WARN_CONSTANT_CONVERSION = YES;
				CLANG_WARN_DEPRECATED_OBJC_IMPLEMENTATIONS = YES;
				CLANG_WARN_DIRECT_OBJC_ISA_USAGE = YES_ERROR;
				CLANG_WARN_DOCUMENTATION_COMMENTS = YES;
				CLANG_WARN_EMPTY_BODY = YES;
				CLANG_WARN_ENUM_CONVERSION = YES;
				CLANG_WARN_INFINITE_RECURSION = YES;
				CLANG_WARN_INT_CONVERSION = YES;
				CLANG_WARN_NON_LITERAL_NULL_CONVERSION = YES;
				CLANG_WARN_OBJC_IMPLICIT_RETAIN_SELF = YES;
				CLANG_WARN_OBJC_LITERAL_CONVERSION = YES;
				CLANG_WARN_OBJC_ROOT_CLASS = YES_ERROR;
				CLANG_WARN_RANGE_LOOP_ANALYSIS = YES;
				CLANG_WARN_STRICT_PROTOTYPES = YES;
				CLANG_WARN_SUSPICIOUS_MOVE = YES;
				CLANG_WARN_UNGUARDED_AVAILABILITY = YES_AGGRESSIVE;
				CLANG_WARN_UNREACHABLE_CODE = YES;
				CLANG_WARN__DUPLICATE_METHOD_MATCH = YES;
				COPY_PHASE_STRIP = NO;
				DEBUG_INFORMATION_FORMAT = dwarf;
				ENABLE_STRICT_OBJC_MSGSEND = YES;
				ENABLE_TESTABILITY = YES;
				GCC_C_LANGUAGE_STANDARD = gnu11;
				GCC_DYNAMIC_NO_PIC = NO;
				GCC_NO_COMMON_BLOCKS = YES;
				GCC_OPTIMIZATION_LEVEL = 0;
				GCC_PREPROCESSOR_DEFINITIONS = (
					"DEBUG=1",
					"$(inherited)",
				);
				GCC_WARN_64_TO_32_BIT_CONVERSION = YES;
				GCC_WARN_ABOUT_RETURN_TYPE = YES_ERROR;
				GCC_WARN_UNDECLARED_SELECTOR = YES;
				GCC_WARN_UNINITIALIZED_AUTOS = YES_AGGRESSIVE;
				GCC_WARN_UNUSED_FUNCTION = YES;
				GCC_WARN_UNUSED_VARIABLE = YES;
				IPHONEOS_DEPLOYMENT_TARGET = 13.2;
				MTL_ENABLE_DEBUG_INFO = INCLUDE_SOURCE;
				MTL_FAST_MATH = YES;
				ONLY_ACTIVE_ARCH = YES;
				SDKROOT = iphoneos;
				SWIFT_ACTIVE_COMPILATION_CONDITIONS = DEBUG;
				SWIFT_OPTIMIZATION_LEVEL = "-Onone";
			};
			name = Debug;
		};
		57FF025D243E2980006BCBDD /* Release */ = {
			isa = XCBuildConfiguration;
			buildSettings = {
				ALWAYS_SEARCH_USER_PATHS = NO;
				CLANG_ANALYZER_NONNULL = YES;
				CLANG_ANALYZER_NUMBER_OBJECT_CONVERSION = YES_AGGRESSIVE;
				CLANG_CXX_LANGUAGE_STANDARD = "gnu++14";
				CLANG_CXX_LIBRARY = "libc++";
				CLANG_ENABLE_MODULES = YES;
				CLANG_ENABLE_OBJC_ARC = YES;
				CLANG_ENABLE_OBJC_WEAK = YES;
				CLANG_WARN_BLOCK_CAPTURE_AUTORELEASING = YES;
				CLANG_WARN_BOOL_CONVERSION = YES;
				CLANG_WARN_COMMA = YES;
				CLANG_WARN_CONSTANT_CONVERSION = YES;
				CLANG_WARN_DEPRECATED_OBJC_IMPLEMENTATIONS = YES;
				CLANG_WARN_DIRECT_OBJC_ISA_USAGE = YES_ERROR;
				CLANG_WARN_DOCUMENTATION_COMMENTS = YES;
				CLANG_WARN_EMPTY_BODY = YES;
				CLANG_WARN_ENUM_CONVERSION = YES;
				CLANG_WARN_INFINITE_RECURSION = YES;
				CLANG_WARN_INT_CONVERSION = YES;
				CLANG_WARN_NON_LITERAL_NULL_CONVERSION = YES;
				CLANG_WARN_OBJC_IMPLICIT_RETAIN_SELF = YES;
				CLANG_WARN_OBJC_LITERAL_CONVERSION = YES;
				CLANG_WARN_OBJC_ROOT_CLASS = YES_ERROR;
				CLANG_WARN_RANGE_LOOP_ANALYSIS = YES;
				CLANG_WARN_STRICT_PROTOTYPES = YES;
				CLANG_WARN_SUSPICIOUS_MOVE = YES;
				CLANG_WARN_UNGUARDED_AVAILABILITY = YES_AGGRESSIVE;
				CLANG_WARN_UNREACHABLE_CODE = YES;
				CLANG_WARN__DUPLICATE_METHOD_MATCH = YES;
				COPY_PHASE_STRIP = NO;
				DEBUG_INFORMATION_FORMAT = "dwarf-with-dsym";
				ENABLE_NS_ASSERTIONS = NO;
				ENABLE_STRICT_OBJC_MSGSEND = YES;
				GCC_C_LANGUAGE_STANDARD = gnu11;
				GCC_NO_COMMON_BLOCKS = YES;
				GCC_WARN_64_TO_32_BIT_CONVERSION = YES;
				GCC_WARN_ABOUT_RETURN_TYPE = YES_ERROR;
				GCC_WARN_UNDECLARED_SELECTOR = YES;
				GCC_WARN_UNINITIALIZED_AUTOS = YES_AGGRESSIVE;
				GCC_WARN_UNUSED_FUNCTION = YES;
				GCC_WARN_UNUSED_VARIABLE = YES;
				IPHONEOS_DEPLOYMENT_TARGET = 13.2;
				MTL_ENABLE_DEBUG_INFO = NO;
				MTL_FAST_MATH = YES;
				SDKROOT = iphoneos;
				SWIFT_COMPILATION_MODE = wholemodule;
				SWIFT_OPTIMIZATION_LEVEL = "-O";
				VALIDATE_PRODUCT = YES;
			};
			name = Release;
		};
		57FF025F243E2980006BCBDD /* Debug */ = {
			isa = XCBuildConfiguration;
			buildSettings = {
				ASSETCATALOG_COMPILER_APPICON_NAME = AppIcon;
				CODE_SIGN_STYLE = Automatic;
				DEVELOPMENT_TEAM = KJKQFRRLA5;
				INFOPLIST_FILE = "COVID19UK(API)/Info.plist";
				LD_RUNPATH_SEARCH_PATHS = (
					"$(inherited)",
					"@executable_path/Frameworks",
				);
				PRODUCT_BUNDLE_IDENTIFIER = "com.wannuo.COVID19UK-API-";
				PRODUCT_NAME = "$(TARGET_NAME)";
				SWIFT_VERSION = 5.0;
				TARGETED_DEVICE_FAMILY = "1,2";
			};
			name = Debug;
		};
		57FF0260243E2980006BCBDD /* Release */ = {
			isa = XCBuildConfiguration;
			buildSettings = {
				ASSETCATALOG_COMPILER_APPICON_NAME = AppIcon;
				CODE_SIGN_STYLE = Automatic;
				DEVELOPMENT_TEAM = KJKQFRRLA5;
				INFOPLIST_FILE = "COVID19UK(API)/Info.plist";
				LD_RUNPATH_SEARCH_PATHS = (
					"$(inherited)",
					"@executable_path/Frameworks",
				);
				PRODUCT_BUNDLE_IDENTIFIER = "com.wannuo.COVID19UK-API-";
				PRODUCT_NAME = "$(TARGET_NAME)";
				SWIFT_VERSION = 5.0;
				TARGETED_DEVICE_FAMILY = "1,2";
			};
			name = Release;
		};
/* End XCBuildConfiguration section */

/* Begin XCConfigurationList section */
		57FF0245243E2977006BCBDD /* Build configuration list for PBXProject "COVID19UK(API)" */ = {
			isa = XCConfigurationList;
			buildConfigurations = (
				57FF025C243E2980006BCBDD /* Debug */,
				57FF025D243E2980006BCBDD /* Release */,
			);
			defaultConfigurationIsVisible = 0;
			defaultConfigurationName = Release;
		};
		57FF025E243E2980006BCBDD /* Build configuration list for PBXNativeTarget "COVID19UK(API)" */ = {
			isa = XCConfigurationList;
			buildConfigurations = (
				57FF025F243E2980006BCBDD /* Debug */,
				57FF0260243E2980006BCBDD /* Release */,
			);
			defaultConfigurationIsVisible = 0;
			defaultConfigurationName = Release;
		};
/* End XCConfigurationList section */
	};
	rootObject = 57FF0242243E2977006BCBDD /* Project object */;
}
